
Microsoft Visual Studio Solution File, Format Version 12.00
# Visual Studio 15
VisualStudioVersion = 15.0.27703.2018
MinimumVisualStudioVersion = 10.0.40219.1
Project("{FAE04EC0-301F-11D3-BF4B-00C04F79EFBC}") = "CatibilisimBlog", "CatibilisimBlog\CatibilisimBlog.csproj", "{21D8BDB9-20FB-4176-B922-F7368E95D27D}"
EndProject
Global
	GlobalSection(SolutionConfigurationPlatforms) = preSolution
		Debug|Any CPU = Debug|Any CPU
		Release|Any CPU = Release|Any CPU
	EndGlobalSection
	GlobalSection(ProjectConfigurationPlatforms) = postSolution
		{21D8BDB9-20FB-4176-B922-F7368E95D27D}.Debug|Any CPU.ActiveCfg = Debug|Any CPU
		{21D8BDB9-20FB-4176-B922-F7368E95D27D}.Debug|Any CPU.Build.0 = Debug|Any CPU
		{21D8BDB9-20FB-4176-B922-F7368E95D27D}.Release|Any CPU.ActiveCfg = Release|Any CPU
		{21D8BDB9-20FB-4176-B922-F7368E95D27D}.Release|Any CPU.Build.0 = Release|Any CPU
	EndGlobalSection
	GlobalSection(SolutionProperties) = preSolution
		HideSolutionNode = FALSE
	EndGlobalSection
	GlobalSection(ExtensibilityGlobals) = postSolution
		SolutionGuid = {A0DA20BA-4131-4553-B0A2-05912AA50214}
	EndGlobalSection
EndGlobal
